// !$*UTF8*$!
{
	archiveVersion = 1;
	classes = {
	};
	objectVersion = 48;
	objects = {

/* Begin PBXBuildFile section */
		DA15FEC01FE7B0CA00D44825 /* AppDelegate.swift in Sources */ = {isa = PBXBuildFile; fileRef = DA15FEBF1FE7B0CA00D44825 /* AppDelegate.swift */; };
		DA15FEC21FE7B0CA00D44825 /* ViewController.swift in Sources */ = {isa = PBXBuildFile; fileRef = DA15FEC11FE7B0CA00D44825 /* ViewController.swift */; };
		DA15FEC51FE7B0CA00D44825 /* Main.storyboard in Resources */ = {isa = PBXBuildFile; fileRef = DA15FEC31FE7B0CA00D44825 /* Main.storyboard */; };
		DA15FEC71FE7B0CA00D44825 /* Assets.xcassets in Resources */ = {isa = PBXBuildFile; fileRef = DA15FEC61FE7B0CA00D44825 /* Assets.xcassets */; };
		DA15FECA1FE7B0CA00D44825 /* LaunchScreen.storyboard in Resources */ = {isa = PBXBuildFile; fileRef = DA15FEC81FE7B0CA00D44825 /* LaunchScreen.storyboard */; };
		DA15FED31FE7B49400D44825 /* Word.swift in Sources */ = {isa = PBXBuildFile; fileRef = DA15FED21FE7B49400D44825 /* Word.swift */; };
		DA15FED51FE7B4BC00D44825 /* Mean.swift in Sources */ = {isa = PBXBuildFile; fileRef = DA15FED41FE7B4BC00D44825 /* Mean.swift */; };
		DA15FED71FE7B52700D44825 /* Surface.swift in Sources */ = {isa = PBXBuildFile; fileRef = DA15FED61FE7B52700D44825 /* Surface.swift */; };
		DA15FED91FE7B58600D44825 /* SurfaceMeanRelation.swift in Sources */ = {isa = PBXBuildFile; fileRef = DA15FED81FE7B58600D44825 /* SurfaceMeanRelation.swift */; };
		DA15FEDC1FE7B6FD00D44825 /* Sample.swift in Sources */ = {isa = PBXBuildFile; fileRef = DA15FEDB1FE7B6FD00D44825 /* Sample.swift */; };
		DA15FEDF1FE7B75400D44825 /* Rule.swift in Sources */ = {isa = PBXBuildFile; fileRef = DA15FEDE1FE7B75400D44825 /* Rule.swift */; };
		DAB5BA5C206B654A00102157 /* Speech.swift in Sources */ = {isa = PBXBuildFile; fileRef = DAB5BA5B206B654A00102157 /* Speech.swift */; };
		DAB5BA5E206B659400102157 /* Knowlege.swift in Sources */ = {isa = PBXBuildFile; fileRef = DAB5BA5D206B659400102157 /* Knowlege.swift */; };
/* End PBXBuildFile section */

/* Begin PBXFileReference section */
		DA15FEBC1FE7B0CA00D44825 /* NatuLan3.app */ = {isa = PBXFileReference; explicitFileType = wrapper.application; includeInIndex = 0; path = NatuLan3.app; sourceTree = BUILT_PRODUCTS_DIR; };
		DA15FEBF1FE7B0CA00D44825 /* AppDelegate.swift */ = {isa = PBXFileReference; lastKnownFileType = sourcecode.swift; path = AppDelegate.swift; sourceTree = "<group>"; };
		DA15FEC11FE7B0CA00D44825 /* ViewController.swift */ = {isa = PBXFileReference; lastKnownFileType = sourcecode.swift; path = ViewController.swift; sourceTree = "<group>"; };
		DA15FEC41FE7B0CA00D44825 /* Base */ = {isa = PBXFileReference; lastKnownFileType = file.storyboard; name = Base; path = Base.lproj/Main.storyboard; sourceTree = "<group>"; };
		DA15FEC61FE7B0CA00D44825 /* Assets.xcassets */ = {isa = PBXFileReference; lastKnownFileType = folder.assetcatalog; path = Assets.xcassets; sourceTree = "<group>"; };
		DA15FEC91FE7B0CA00D44825 /* Base */ = {isa = PBXFileReference; lastKnownFileType = file.storyboard; name = Base; path = Base.lproj/LaunchScreen.storyboard; sourceTree = "<group>"; };
		DA15FECB1FE7B0CA00D44825 /* Info.plist */ = {isa = PBXFileReference; lastKnownFileType = text.plist.xml; path = Info.plist; sourceTree = "<group>"; };
		DA15FED21FE7B49400D44825 /* Word.swift */ = {isa = PBXFileReference; lastKnownFileType = sourcecode.swift; path = Word.swift; sourceTree = "<group>"; };
		DA15FED41FE7B4BC00D44825 /* Mean.swift */ = {isa = PBXFileReference; lastKnownFileType = sourcecode.swift; path = Mean.swift; sourceTree = "<group>"; };
		DA15FED61FE7B52700D44825 /* Surface.swift */ = {isa = PBXFileReference; lastKnownFileType = sourcecode.swift; path = Surface.swift; sourceTree = "<group>"; };
		DA15FED81FE7B58600D44825 /* SurfaceMeanRelation.swift */ = {isa = PBXFileReference; lastKnownFileType = sourcecode.swift; path = SurfaceMeanRelation.swift; sourceTree = "<group>"; };
		DA15FEDB1FE7B6FD00D44825 /* Sample.swift */ = {isa = PBXFileReference; lastKnownFileType = sourcecode.swift; path = Sample.swift; sourceTree = "<group>"; };
		DA15FEDE1FE7B75400D44825 /* Rule.swift */ = {isa = PBXFileReference; lastKnownFileType = sourcecode.swift; path = Rule.swift; sourceTree = "<group>"; };
		DAB5BA5B206B654A00102157 /* Speech.swift */ = {isa = PBXFileReference; lastKnownFileType = sourcecode.swift; path = Speech.swift; sourceTree = "<group>"; };
		DAB5BA5D206B659400102157 /* Knowlege.swift */ = {isa = PBXFileReference; lastKnownFileType = sourcecode.swift; path = Knowlege.swift; sourceTree = "<group>"; };
/* End PBXFileReference section */

/* Begin PBXFrameworksBuildPhase section */
		DA15FEB91FE7B0CA00D44825 /* Frameworks */ = {
			isa = PBXFrameworksBuildPhase;
			buildActionMask = 2147483647;
			files = (
			);
			runOnlyForDeploymentPostprocessing = 0;
		};
/* End PBXFrameworksBuildPhase section */

/* Begin PBXGroup section */
		DA15FEB31FE7B0CA00D44825 = {
			isa = PBXGroup;
			children = (
				DA15FEBE1FE7B0CA00D44825 /* NatuLan3 */,
				DA15FEBD1FE7B0CA00D44825 /* Products */,
			);
			sourceTree = "<group>";
		};
		DA15FEBD1FE7B0CA00D44825 /* Products */ = {
			isa = PBXGroup;
			children = (
				DA15FEBC1FE7B0CA00D44825 /* NatuLan3.app */,
			);
			name = Products;
			sourceTree = "<group>";
		};
		DA15FEBE1FE7B0CA00D44825 /* NatuLan3 */ = {
			isa = PBXGroup;
			children = (
				DAB5BA5A206B652000102157 /* Speech */,
				DA15FEDD1FE7B74B00D44825 /* Rule */,
				DA15FEDA1FE7B6ED00D44825 /* Know */,
				DA15FED11FE7B48100D44825 /* Lang */,
				DA15FEBF1FE7B0CA00D44825 /* AppDelegate.swift */,
				DA15FEC11FE7B0CA00D44825 /* ViewController.swift */,
				DA15FEC31FE7B0CA00D44825 /* Main.storyboard */,
				DA15FEC61FE7B0CA00D44825 /* Assets.xcassets */,
				DA15FEC81FE7B0CA00D44825 /* LaunchScreen.storyboard */,
				DA15FECB1FE7B0CA00D44825 /* Info.plist */,
			);
			path = NatuLan3;
			sourceTree = "<group>";
		};
		DA15FED11FE7B48100D44825 /* Lang */ = {
			isa = PBXGroup;
			children = (
				DA15FED21FE7B49400D44825 /* Word.swift */,
				DA15FED41FE7B4BC00D44825 /* Mean.swift */,
				DA15FED61FE7B52700D44825 /* Surface.swift */,
				DA15FED81FE7B58600D44825 /* SurfaceMeanRelation.swift */,
			);
			path = Lang;
			sourceTree = "<group>";
		};
		DA15FEDA1FE7B6ED00D44825 /* Know */ = {
			isa = PBXGroup;
			children = (
				DA15FEDB1FE7B6FD00D44825 /* Sample.swift */,
				DAB5BA5D206B659400102157 /* Knowlege.swift */,
			);
			path = Know;
			sourceTree = "<group>";
		};
		DA15FEDD1FE7B74B00D44825 /* Rule */ = {
			isa = PBXGroup;
			children = (
				DA15FEDE1FE7B75400D44825 /* Rule.swift */,
			);
			path = Rule;
			sourceTree = "<group>";
		};
		DAB5BA5A206B652000102157 /* Speech */ = {
			isa = PBXGroup;
			children = (
				DAB5BA5B206B654A00102157 /* Speech.swift */,
			);
			path = Speech;
			sourceTree = "<group>";
		};
/* End PBXGroup section */

/* Begin PBXNativeTarget section */
		DA15FEBB1FE7B0CA00D44825 /* NatuLan3 */ = {
			isa = PBXNativeTarget;
			buildConfigurationList = DA15FECE1FE7B0CA00D44825 /* Build configuration list for PBXNativeTarget "NatuLan3" */;
			buildPhases = (
				DA15FEB81FE7B0CA00D44825 /* Sources */,
				DA15FEB91FE7B0CA00D44825 /* Frameworks */,
				DA15FEBA1FE7B0CA00D44825 /* Resources */,
			);
			buildRules = (
			);
			dependencies = (
			);
			name = NatuLan3;
			productName = NatuLan3;
			productReference = DA15FEBC1FE7B0CA00D44825 /* NatuLan3.app */;
			productType = "com.apple.product-type.application";
		};
/* End PBXNativeTarget section */

/* Begin PBXProject section */
		DA15FEB41FE7B0CA00D44825 /* Project object */ = {
			isa = PBXProject;
			attributes = {
				LastSwiftUpdateCheck = 0920;
				LastUpgradeCheck = 0920;
				ORGANIZATIONNAME = osanai;
				TargetAttributes = {
					DA15FEBB1FE7B0CA00D44825 = {
						CreatedOnToolsVersion = 9.2;
						ProvisioningStyle = Automatic;
					};
				};
			};
			buildConfigurationList = DA15FEB71FE7B0CA00D44825 /* Build configuration list for PBXProject "NatuLan3" */;
			compatibilityVersion = "Xcode 8.0";
			developmentRegion = en;
			hasScannedForEncodings = 0;
			knownRegions = (
				en,
				Base,
			);
			mainGroup = DA15FEB31FE7B0CA00D44825;
			productRefGroup = DA15FEBD1FE7B0CA00D44825 /* Products */;
			projectDirPath = "";
			projectRoot = "";
			targets = (
				DA15FEBB1FE7B0CA00D44825 /* NatuLan3 */,
			);
		};
/* End PBXProject section */

/* Begin PBXResourcesBuildPhase section */
		DA15FEBA1FE7B0CA00D44825 /* Resources */ = {
			isa = PBXResourcesBuildPhase;
			buildActionMask = 2147483647;
			files = (
				DA15FECA1FE7B0CA00D44825 /* LaunchScreen.storyboard in Resources */,
				DA15FEC71FE7B0CA00D44825 /* Assets.xcassets in Resources */,
				DA15FEC51FE7B0CA00D44825 /* Main.storyboard in Resources */,
			);
			runOnlyForDeploymentPostprocessing = 0;
		};
/* End PBXResourcesBuildPhase section */

/* Begin PBXSourcesBuildPhase section */
		DA15FEB81FE7B0CA00D44825 /* Sources */ = {
			isa = PBXSourcesBuildPhase;
			buildActionMask = 2147483647;
			files = (
				DAB5BA5C206B654A00102157 /* Speech.swift in Sources */,
				DA15FEC21FE7B0CA00D44825 /* ViewController.swift in Sources */,
				DA15FEC01FE7B0CA00D44825 /* AppDelegate.swift in Sources */,
				DA15FED51FE7B4BC00D44825 /* Mean.swift in Sources */,
				DA15FED31FE7B49400D44825 /* Word.swift in Sources */,
				DA15FED91FE7B58600D44825 /* SurfaceMeanRelation.swift in Sources */,
				DA15FEDF1FE7B75400D44825 /* Rule.swift in Sources */,
				DA15FEDC1FE7B6FD00D44825 /* Sample.swift in Sources */,
				DA15FED71FE7B52700D44825 /* Surface.swift in Sources */,
				DAB5BA5E206B659400102157 /* Knowlege.swift in Sources */,
			);
			runOnlyForDeploymentPostprocessing = 0;
		};
/* End PBXSourcesBuildPhase section */

/* Begin PBXVariantGroup section */
		DA15FEC31FE7B0CA00D44825 /* Main.storyboard */ = {
			isa = PBXVariantGroup;
			children = (
				DA15FEC41FE7B0CA00D44825 /* Base */,
			);
			name = Main.storyboard;
			sourceTree = "<group>";
		};
		DA15FEC81FE7B0CA00D44825 /* LaunchScreen.storyboard */ = {
			isa = PBXVariantGroup;
			children = (
				DA15FEC91FE7B0CA00D44825 /* Base */,
			);
			name = LaunchScreen.storyboard;
			sourceTree = "<group>";
		};
/* End PBXVariantGroup section */

/* Begin XCBuildConfiguration section */
		DA15FECC1FE7B0CA00D44825 /* Debug */ = {
			isa = XCBuildConfiguration;
			buildSettings = {
				ALWAYS_SEARCH_USER_PATHS = NO;
				CLANG_ANALYZER_NONNULL = YES;
				CLANG_ANALYZER_NUMBER_OBJECT_CONVERSION = YES_AGGRESSIVE;
				CLANG_CXX_LANGUAGE_STANDARD = "gnu++14";
				CLANG_CXX_LIBRARY = "libc++";
				CLANG_ENABLE_MODULES = YES;
				CLANG_ENABLE_OBJC_ARC = YES;
				CLANG_WARN_BLOCK_CAPTURE_AUTORELEASING = YES;
				CLANG_WARN_BOOL_CONVERSION = YES;
				CLANG_WARN_COMMA = YES;
				CLANG_WARN_CONSTANT_CONVERSION = YES;
				CLANG_WARN_DIRECT_OBJC_ISA_USAGE = YES_ERROR;
				CLANG_WARN_DOCUMENTATION_COMMENTS = YES;
				CLANG_WARN_EMPTY_BODY = YES;
				CLANG_WARN_ENUM_CONVERSION = YES;
				CLANG_WARN_INFINITE_RECURSION = YES;
				CLANG_WARN_INT_CONVERSION = YES;
				CLANG_WARN_NON_LITERAL_NULL_CONVERSION = YES;
				CLANG_WARN_OBJC_LITERAL_CONVERSION = YES;
				CLANG_WARN_OBJC_ROOT_CLASS = YES_ERROR;
				CLANG_WARN_RANGE_LOOP_ANALYSIS = YES;
				CLANG_WARN_STRICT_PROTOTYPES = YES;
				CLANG_WARN_SUSPICIOUS_MOVE = YES;
				CLANG_WARN_UNGUARDED_AVAILABILITY = YES_AGGRESSIVE;
				CLANG_WARN_UNREACHABLE_CODE = YES;
				CLANG_WARN__DUPLICATE_METHOD_MATCH = YES;
				CODE_SIGN_IDENTITY = "iPhone Developer";
				COPY_PHASE_STRIP = NO;
				DEBUG_INFORMATION_FORMAT = dwarf;
				ENABLE_STRICT_OBJC_MSGSEND = YES;
				ENABLE_TESTABILITY = YES;
				GCC_C_LANGUAGE_STANDARD = gnu11;
				GCC_DYNAMIC_NO_PIC = NO;
				GCC_NO_COMMON_BLOCKS = YES;
				GCC_OPTIMIZATION_LEVEL = 0;
				GCC_PREPROCESSOR_DEFINITIONS = (
					"DEBUG=1",
					"$(inherited)",
				);
				GCC_WARN_64_TO_32_BIT_CONVERSION = YES;
				GCC_WARN_ABOUT_RETURN_TYPE = YES_ERROR;
				GCC_WARN_UNDECLARED_SELECTOR = YES;
				GCC_WARN_UNINITIALIZED_AUTOS = YES_AGGRESSIVE;
				GCC_WARN_UNUSED_FUNCTION = YES;
				GCC_WARN_UNUSED_VARIABLE = YES;
				IPHONEOS_DEPLOYMENT_TARGET = 11.0;
				MTL_ENABLE_DEBUG_INFO = YES;
				ONLY_ACTIVE_ARCH = YES;
				SDKROOT = iphoneos;
				SWIFT_ACTIVE_COMPILATION_CONDITIONS = DEBUG;
				SWIFT_OPTIMIZATION_LEVEL = "-Onone";
			};
			name = Debug;
		};
		DA15FECD1FE7B0CA00D44825 /* Release */ = {
			isa = XCBuildConfiguration;
			buildSettings = {
				ALWAYS_SEARCH_USER_PATHS = NO;
				CLANG_ANALYZER_NONNULL = YES;
				CLANG_ANALYZER_NUMBER_OBJECT_CONVERSION = YES_AGGRESSIVE;
				CLANG_CXX_LANGUAGE_STANDARD = "gnu++14";
				CLANG_CXX_LIBRARY = "libc++";
				CLANG_ENABLE_MODULES = YES;
				CLANG_ENABLE_OBJC_ARC = YES;
				CLANG_WARN_BLOCK_CAPTURE_AUTORELEASING = YES;
				CLANG_WARN_BOOL_CONVERSION = YES;
				CLANG_WARN_COMMA = YES;
				CLANG_WARN_CONSTANT_CONVERSION = YES;
				CLANG_WARN_DIRECT_OBJC_ISA_USAGE = YES_ERROR;
				CLANG_WARN_DOCUMENTATION_COMMENTS = YES;
				CLANG_WARN_EMPTY_BODY = YES;
				CLANG_WARN_ENUM_CONVERSION = YES;
				CLANG_WARN_INFINITE_RECURSION = YES;
				CLANG_WARN_INT_CONVERSION = YES;
				CLANG_WARN_NON_LITERAL_NULL_CONVERSION = YES;
				CLANG_WARN_OBJC_LITERAL_CONVERSION = YES;
				CLANG_WARN_OBJC_ROOT_CLASS = YES_ERROR;
				CLANG_WARN_RANGE_LOOP_ANALYSIS = YES;
				CLANG_WARN_STRICT_PROTOTYPES = YES;
				CLANG_WARN_SUSPICIOUS_MOVE = YES;
				CLANG_WARN_UNGUARDED_AVAILABILITY = YES_AGGRESSIVE;
				CLANG_WARN_UNREACHABLE_CODE = YES;
				CLANG_WARN__DUPLICATE_METHOD_MATCH = YES;
				CODE_SIGN_IDENTITY = "iPhone Developer";
				COPY_PHASE_STRIP = NO;
				DEBUG_INFORMATION_FORMAT = "dwarf-with-dsym";
				ENABLE_NS_ASSERTIONS = NO;
				ENABLE_STRICT_OBJC_MSGSEND = YES;
				GCC_C_LANGUAGE_STANDARD = gnu11;
				GCC_NO_COMMON_BLOCKS = YES;
				GCC_WARN_64_TO_32_BIT_CONVERSION = YES;
				GCC_WARN_ABOUT_RETURN_TYPE = YES_ERROR;
				GCC_WARN_UNDECLARED_SELECTOR = YES;
				GCC_WARN_UNINITIALIZED_AUTOS = YES_AGGRESSIVE;
				GCC_WARN_UNUSED_FUNCTION = YES;
				GCC_WARN_UNUSED_VARIABLE = YES;
				IPHONEOS_DEPLOYMENT_TARGET = 11.0;
				MTL_ENABLE_DEBUG_INFO = NO;
				SDKROOT = iphoneos;
				SWIFT_OPTIMIZATION_LEVEL = "-Owholemodule";
				VALIDATE_PRODUCT = YES;
			};
			name = Release;
		};
		DA15FECF1FE7B0CA00D44825 /* Debug */ = {
			isa = XCBuildConfiguration;
			buildSettings = {
				ASSETCATALOG_COMPILER_APPICON_NAME = AppIcon;
				CODE_SIGN_STYLE = Automatic;
				DEVELOPMENT_TEAM = 8B9JQC2M34;
				INFOPLIST_FILE = NatuLan3/Info.plist;
				LD_RUNPATH_SEARCH_PATHS = "$(inherited) @executable_path/Frameworks";
				PRODUCT_BUNDLE_IDENTIFIER = osanai.NatuLan3;
				PRODUCT_NAME = "$(TARGET_NAME)";
				SWIFT_VERSION = 4.0;
				TARGETED_DEVICE_FAMILY = "1,2";
			};
			name = Debug;
		};
		DA15FED01FE7B0CA00D44825 /* Release */ = {
			isa = XCBuildConfiguration;
			buildSettings = {
				ASSETCATALOG_COMPILER_APPICON_NAME = AppIcon;
				CODE_SIGN_STYLE = Automatic;
				DEVELOPMENT_TEAM = 8B9JQC2M34;
				INFOPLIST_FILE = NatuLan3/Info.plist;
				LD_RUNPATH_SEARCH_PATHS = "$(inherited) @executable_path/Frameworks";
				PRODUCT_BUNDLE_IDENTIFIER = osanai.NatuLan3;
				PRODUCT_NAME = "$(TARGET_NAME)";
				SWIFT_VERSION = 4.0;
				TARGETED_DEVICE_FAMILY = "1,2";
			};
			name = Release;
		};
/* End XCBuildConfiguration section */

/* Begin XCConfigurationList section */
		DA15FEB71FE7B0CA00D44825 /* Build configuration list for PBXProject "NatuLan3" */ = {
			isa = XCConfigurationList;
			buildConfigurations = (
				DA15FECC1FE7B0CA00D44825 /* Debug */,
				DA15FECD1FE7B0CA00D44825 /* Release */,
			);
			defaultConfigurationIsVisible = 0;
			defaultConfigurationName = Release;
		};
		DA15FECE1FE7B0CA00D44825 /* Build configuration list for PBXNativeTarget "NatuLan3" */ = {
			isa = XCConfigurationList;
			buildConfigurations = (
				DA15FECF1FE7B0CA00D44825 /* Debug */,
				DA15FED01FE7B0CA00D44825 /* Release */,
			);
			defaultConfigurationIsVisible = 0;
			defaultConfigurationName = Release;
		};
/* End XCConfigurationList section */
	};
	rootObject = DA15FEB41FE7B0CA00D44825 /* Project object */;
}
